
Microsoft Visual Studio Solution File, Format Version 12.00
# Visual Studio Version 17
VisualStudioVersion = 17.8.34322.80
MinimumVisualStudioVersion = 10.0.40219.1
Project("{FAE04EC0-301F-11D3-BF4B-00C04F79EFBC}") = "pmes-api", "pmes-api\pmes-api.csproj", "{936B88FB-1891-402B-9E26-38C6990E1AA4}"
EndProject
Project("{FAE04EC0-301F-11D3-BF4B-00C04F79EFBC}") = "pmes.core", "pmes.core\pmes.core.csproj", "{81A35288-4C08-469B-B0B1-753D74D9562C}"
EndProject
Project("{FAE04EC0-301F-11D3-BF4B-00C04F79EFBC}") = "pmes.data", "pmes.data\pmes.data.csproj", "{8C4D3057-2CB7-4C98-9AA7-E0401E48A56D}"
EndProject
Project("{FAE04EC0-301F-11D3-BF4B-00C04F79EFBC}") = "pmes.entity", "pmes.entity\pmes.entity.csproj", "{BED074DF-E085-4210-B95A-61826447FC93}"
EndProject
Project("{FAE04EC0-301F-11D3-BF4B-00C04F79EFBC}") = "pmes-api.test", "pmes-api.test\pmes-api.test.csproj", "{F403C71D-03DA-471E-AE0B-1ACFE1F616F3}"
EndProject
Global
	GlobalSection(SolutionConfigurationPlatforms) = preSolution
		Debug|Any CPU = Debug|Any CPU
		Release|Any CPU = Release|Any CPU
	EndGlobalSection
	GlobalSection(ProjectConfigurationPlatforms) = postSolution
		{936B88FB-1891-402B-9E26-38C6990E1AA4}.Debug|Any CPU.ActiveCfg = Debug|Any CPU
		{936B88FB-1891-402B-9E26-38C6990E1AA4}.Debug|Any CPU.Build.0 = Debug|Any CPU
		{936B88FB-1891-402B-9E26-38C6990E1AA4}.Release|Any CPU.ActiveCfg = Release|Any CPU
		{936B88FB-1891-402B-9E26-38C6990E1AA4}.Release|Any CPU.Build.0 = Release|Any CPU
		{81A35288-4C08-469B-B0B1-753D74D9562C}.Debug|Any CPU.ActiveCfg = Debug|Any CPU
		{81A35288-4C08-469B-B0B1-753D74D9562C}.Debug|Any CPU.Build.0 = Debug|Any CPU
		{81A35288-4C08-469B-B0B1-753D74D9562C}.Release|Any CPU.ActiveCfg = Release|Any CPU
		{81A35288-4C08-469B-B0B1-753D74D9562C}.Release|Any CPU.Build.0 = Release|Any CPU
		{8C4D3057-2CB7-4C98-9AA7-E0401E48A56D}.Debug|Any CPU.ActiveCfg = Debug|Any CPU
		{8C4D3057-2CB7-4C98-9AA7-E0401E48A56D}.Debug|Any CPU.Build.0 = Debug|Any CPU
		{8C4D3057-2CB7-4C98-9AA7-E0401E48A56D}.Release|Any CPU.ActiveCfg = Release|Any CPU
		{8C4D3057-2CB7-4C98-9AA7-E0401E48A56D}.Release|Any CPU.Build.0 = Release|Any CPU
		{BED074DF-E085-4210-B95A-61826447FC93}.Debug|Any CPU.ActiveCfg = Debug|Any CPU
		{BED074DF-E085-4210-B95A-61826447FC93}.Debug|Any CPU.Build.0 = Debug|Any CPU
		{BED074DF-E085-4210-B95A-61826447FC93}.Release|Any CPU.ActiveCfg = Release|Any CPU
		{BED074DF-E085-4210-B95A-61826447FC93}.Release|Any CPU.Build.0 = Release|Any CPU
		{F403C71D-03DA-471E-AE0B-1ACFE1F616F3}.Debug|Any CPU.ActiveCfg = Debug|Any CPU
		{F403C71D-03DA-471E-AE0B-1ACFE1F616F3}.Debug|Any CPU.Build.0 = Debug|Any CPU
		{F403C71D-03DA-471E-AE0B-1ACFE1F616F3}.Release|Any CPU.ActiveCfg = Release|Any CPU
		{F403C71D-03DA-471E-AE0B-1ACFE1F616F3}.Release|Any CPU.Build.0 = Release|Any CPU
	EndGlobalSection
	GlobalSection(SolutionProperties) = preSolution
		HideSolutionNode = FALSE
	EndGlobalSection
	GlobalSection(ExtensibilityGlobals) = postSolution
		SolutionGuid = {83E05E2E-78F0-4D30-9643-480E734987AA}
	EndGlobalSection
EndGlobal
